// !$*UTF8*$!
{
	archiveVersion = 1;
	classes = {
	};
	objectVersion = 50;
	objects = {

/* Begin PBXBuildFile section */
		6C1E4E625B5AA46BA0C4361B /* Pods_Smack.framework in Frameworks */ = {isa = PBXBuildFile; fileRef = F5F6A7A98D281065E0134FB6 /* Pods_Smack.framework */; };
		C742976421AE9F6400246982 /* AppDelegate.swift in Sources */ = {isa = PBXBuildFile; fileRef = C742976321AE9F6400246982 /* AppDelegate.swift */; };
		C742976921AE9F6400246982 /* Main.storyboard in Resources */ = {isa = PBXBuildFile; fileRef = C742976721AE9F6400246982 /* Main.storyboard */; };
		C742976B21AE9F6500246982 /* Assets.xcassets in Resources */ = {isa = PBXBuildFile; fileRef = C742976A21AE9F6500246982 /* Assets.xcassets */; };
		C742976E21AE9F6500246982 /* LaunchScreen.storyboard in Resources */ = {isa = PBXBuildFile; fileRef = C742976C21AE9F6500246982 /* LaunchScreen.storyboard */; };
		C742977921AEAF1300246982 /* SWRevealViewController.m in Sources */ = {isa = PBXBuildFile; fileRef = C742977821AEAF1300246982 /* SWRevealViewController.m */; };
		C742977E21AEB19E00246982 /* ChatVC.swift in Sources */ = {isa = PBXBuildFile; fileRef = C742977D21AEB19E00246982 /* ChatVC.swift */; };
		C742978021AEB1AF00246982 /* ChannelVC.swift in Sources */ = {isa = PBXBuildFile; fileRef = C742977F21AEB1AF00246982 /* ChannelVC.swift */; };
		C753C0CA21AEB8A9001BB224 /* GradientView.swift in Sources */ = {isa = PBXBuildFile; fileRef = C753C0C921AEB8A9001BB224 /* GradientView.swift */; };
		C753C0CD21AEBD73001BB224 /* Constants.swift in Sources */ = {isa = PBXBuildFile; fileRef = C753C0CC21AEBD73001BB224 /* Constants.swift */; };
		C753C0CF21AEC069001BB224 /* LoginVC.swift in Sources */ = {isa = PBXBuildFile; fileRef = C753C0CE21AEC069001BB224 /* LoginVC.swift */; };
		C753C0D121AEC19B001BB224 /* CreateAccountVC.swift in Sources */ = {isa = PBXBuildFile; fileRef = C753C0D021AEC19B001BB224 /* CreateAccountVC.swift */; };
		C7A618AC21AFFB100087F908 /* AuthService.swift in Sources */ = {isa = PBXBuildFile; fileRef = C7A618AB21AFFB100087F908 /* AuthService.swift */; };
		C7A618AE21B002AD0087F908 /* RoundedButton.swift in Sources */ = {isa = PBXBuildFile; fileRef = C7A618AD21B002AD0087F908 /* RoundedButton.swift */; };
		C7A618B021B00B050087F908 /* UserDataService.swift in Sources */ = {isa = PBXBuildFile; fileRef = C7A618AF21B00B050087F908 /* UserDataService.swift */; };
		C7A618B221B012A00087F908 /* AvatarPickerVC.swift in Sources */ = {isa = PBXBuildFile; fileRef = C7A618B121B012A00087F908 /* AvatarPickerVC.swift */; };
		C7A618B421B013BC0087F908 /* AvatarCell.swift in Sources */ = {isa = PBXBuildFile; fileRef = C7A618B321B013BC0087F908 /* AvatarCell.swift */; };
		C7A618B621B01B180087F908 /* CircleImage.swift in Sources */ = {isa = PBXBuildFile; fileRef = C7A618B521B01B180087F908 /* CircleImage.swift */; };
		C7C349C621B132A50040E21E /* MessageService.swift in Sources */ = {isa = PBXBuildFile; fileRef = C7C349C521B132A50040E21E /* MessageService.swift */; };
		C7C349C821B132BF0040E21E /* Channel.swift in Sources */ = {isa = PBXBuildFile; fileRef = C7C349C721B132BF0040E21E /* Channel.swift */; };
		C7C349CA21B138DE0040E21E /* ChannelCell.swift in Sources */ = {isa = PBXBuildFile; fileRef = C7C349C921B138DE0040E21E /* ChannelCell.swift */; };
		C7C349CD21B13BBB0040E21E /* AddChannelVC.swift in Sources */ = {isa = PBXBuildFile; fileRef = C7C349CB21B13BBB0040E21E /* AddChannelVC.swift */; };
		C7C349CE21B13BBB0040E21E /* AddChannelVC.xib in Resources */ = {isa = PBXBuildFile; fileRef = C7C349CC21B13BBB0040E21E /* AddChannelVC.xib */; };
		C7C349D021B13FE90040E21E /* SocketService.swift in Sources */ = {isa = PBXBuildFile; fileRef = C7C349CF21B13FE90040E21E /* SocketService.swift */; };
		C7C349D221B148C50040E21E /* Message.swift in Sources */ = {isa = PBXBuildFile; fileRef = C7C349D121B148C50040E21E /* Message.swift */; };
		C7C349D421B14E430040E21E /* KeyboardBoundView.swift in Sources */ = {isa = PBXBuildFile; fileRef = C7C349D321B14E430040E21E /* KeyboardBoundView.swift */; };
		C7C9984621B02AB30011B64A /* ProfileVC.swift in Sources */ = {isa = PBXBuildFile; fileRef = C7C9984421B02AB30011B64A /* ProfileVC.swift */; };
		C7C9984721B02AB30011B64A /* ProfileVC.xib in Resources */ = {isa = PBXBuildFile; fileRef = C7C9984521B02AB30011B64A /* ProfileVC.xib */; };
/* End PBXBuildFile section */

/* Begin PBXFileReference section */
		C742976021AE9F6400246982 /* Smack.app */ = {isa = PBXFileReference; explicitFileType = wrapper.application; includeInIndex = 0; path = Smack.app; sourceTree = BUILT_PRODUCTS_DIR; };
		C742976321AE9F6400246982 /* AppDelegate.swift */ = {isa = PBXFileReference; lastKnownFileType = sourcecode.swift; path = AppDelegate.swift; sourceTree = "<group>"; };
		C742976821AE9F6400246982 /* Base */ = {isa = PBXFileReference; lastKnownFileType = file.storyboard; name = Base; path = Base.lproj/Main.storyboard; sourceTree = "<group>"; };
		C742976A21AE9F6500246982 /* Assets.xcassets */ = {isa = PBXFileReference; lastKnownFileType = folder.assetcatalog; path = Assets.xcassets; sourceTree = "<group>"; };
		C742976D21AE9F6500246982 /* Base */ = {isa = PBXFileReference; lastKnownFileType = file.storyboard; name = Base; path = Base.lproj/LaunchScreen.storyboard; sourceTree = "<group>"; };
		C742976F21AE9F6500246982 /* Info.plist */ = {isa = PBXFileReference; lastKnownFileType = text.plist.xml; path = Info.plist; sourceTree = "<group>"; };
		C742977621AEAF1200246982 /* Smack-Bridging-Header.h */ = {isa = PBXFileReference; lastKnownFileType = sourcecode.c.h; path = "Smack-Bridging-Header.h"; sourceTree = "<group>"; };
		C742977721AEAF1300246982 /* SWRevealViewController.h */ = {isa = PBXFileReference; fileEncoding = 4; lastKnownFileType = sourcecode.c.h; path = SWRevealViewController.h; sourceTree = "<group>"; };
		C742977821AEAF1300246982 /* SWRevealViewController.m */ = {isa = PBXFileReference; fileEncoding = 4; lastKnownFileType = sourcecode.c.objc; path = SWRevealViewController.m; sourceTree = "<group>"; };
		C742977D21AEB19E00246982 /* ChatVC.swift */ = {isa = PBXFileReference; lastKnownFileType = sourcecode.swift; path = ChatVC.swift; sourceTree = "<group>"; };
		C742977F21AEB1AF00246982 /* ChannelVC.swift */ = {isa = PBXFileReference; lastKnownFileType = sourcecode.swift; path = ChannelVC.swift; sourceTree = "<group>"; };
		C753C0C921AEB8A9001BB224 /* GradientView.swift */ = {isa = PBXFileReference; fileEncoding = 4; lastKnownFileType = sourcecode.swift; path = GradientView.swift; sourceTree = "<group>"; };
		C753C0CC21AEBD73001BB224 /* Constants.swift */ = {isa = PBXFileReference; lastKnownFileType = sourcecode.swift; path = Constants.swift; sourceTree = "<group>"; };
		C753C0CE21AEC069001BB224 /* LoginVC.swift */ = {isa = PBXFileReference; lastKnownFileType = sourcecode.swift; path = LoginVC.swift; sourceTree = "<group>"; };
		C753C0D021AEC19B001BB224 /* CreateAccountVC.swift */ = {isa = PBXFileReference; lastKnownFileType = sourcecode.swift; path = CreateAccountVC.swift; sourceTree = "<group>"; };
		C7A618AB21AFFB100087F908 /* AuthService.swift */ = {isa = PBXFileReference; lastKnownFileType = sourcecode.swift; path = AuthService.swift; sourceTree = "<group>"; };
		C7A618AD21B002AD0087F908 /* RoundedButton.swift */ = {isa = PBXFileReference; lastKnownFileType = sourcecode.swift; path = RoundedButton.swift; sourceTree = "<group>"; };
		C7A618AF21B00B050087F908 /* UserDataService.swift */ = {isa = PBXFileReference; lastKnownFileType = sourcecode.swift; path = UserDataService.swift; sourceTree = "<group>"; };
		C7A618B121B012A00087F908 /* AvatarPickerVC.swift */ = {isa = PBXFileReference; lastKnownFileType = sourcecode.swift; path = AvatarPickerVC.swift; sourceTree = "<group>"; };
		C7A618B321B013BC0087F908 /* AvatarCell.swift */ = {isa = PBXFileReference; lastKnownFileType = sourcecode.swift; path = AvatarCell.swift; sourceTree = "<group>"; };
		C7A618B521B01B180087F908 /* CircleImage.swift */ = {isa = PBXFileReference; lastKnownFileType = sourcecode.swift; path = CircleImage.swift; sourceTree = "<group>"; };
		C7C349C521B132A50040E21E /* MessageService.swift */ = {isa = PBXFileReference; lastKnownFileType = sourcecode.swift; path = MessageService.swift; sourceTree = "<group>"; };
		C7C349C721B132BF0040E21E /* Channel.swift */ = {isa = PBXFileReference; lastKnownFileType = sourcecode.swift; path = Channel.swift; sourceTree = "<group>"; };
		C7C349C921B138DE0040E21E /* ChannelCell.swift */ = {isa = PBXFileReference; lastKnownFileType = sourcecode.swift; path = ChannelCell.swift; sourceTree = "<group>"; };
		C7C349CB21B13BBB0040E21E /* AddChannelVC.swift */ = {isa = PBXFileReference; lastKnownFileType = sourcecode.swift; path = AddChannelVC.swift; sourceTree = "<group>"; };
		C7C349CC21B13BBB0040E21E /* AddChannelVC.xib */ = {isa = PBXFileReference; lastKnownFileType = file.xib; path = AddChannelVC.xib; sourceTree = "<group>"; };
		C7C349CF21B13FE90040E21E /* SocketService.swift */ = {isa = PBXFileReference; lastKnownFileType = sourcecode.swift; path = SocketService.swift; sourceTree = "<group>"; };
		C7C349D121B148C50040E21E /* Message.swift */ = {isa = PBXFileReference; lastKnownFileType = sourcecode.swift; path = Message.swift; sourceTree = "<group>"; };
		C7C349D321B14E430040E21E /* KeyboardBoundView.swift */ = {isa = PBXFileReference; fileEncoding = 4; lastKnownFileType = sourcecode.swift; path = KeyboardBoundView.swift; sourceTree = "<group>"; };
		C7C9984421B02AB30011B64A /* ProfileVC.swift */ = {isa = PBXFileReference; lastKnownFileType = sourcecode.swift; path = ProfileVC.swift; sourceTree = "<group>"; };
		C7C9984521B02AB30011B64A /* ProfileVC.xib */ = {isa = PBXFileReference; lastKnownFileType = file.xib; path = ProfileVC.xib; sourceTree = "<group>"; };
		E2E2C25010F152804EAFDF42 /* Pods-Smack.release.xcconfig */ = {isa = PBXFileReference; includeInIndex = 1; lastKnownFileType = text.xcconfig; name = "Pods-Smack.release.xcconfig"; path = "Pods/Target Support Files/Pods-Smack/Pods-Smack.release.xcconfig"; sourceTree = "<group>"; };
		EB2A7593DCAD3C16F3379BEF /* Pods-Smack.debug.xcconfig */ = {isa = PBXFileReference; includeInIndex = 1; lastKnownFileType = text.xcconfig; name = "Pods-Smack.debug.xcconfig"; path = "Pods/Target Support Files/Pods-Smack/Pods-Smack.debug.xcconfig"; sourceTree = "<group>"; };
		F5F6A7A98D281065E0134FB6 /* Pods_Smack.framework */ = {isa = PBXFileReference; explicitFileType = wrapper.framework; includeInIndex = 0; path = Pods_Smack.framework; sourceTree = BUILT_PRODUCTS_DIR; };
/* End PBXFileReference section */

/* Begin PBXFrameworksBuildPhase section */
		C742975D21AE9F6400246982 /* Frameworks */ = {
			isa = PBXFrameworksBuildPhase;
			buildActionMask = 2147483647;
			files = (
				6C1E4E625B5AA46BA0C4361B /* Pods_Smack.framework in Frameworks */,
			);
			runOnlyForDeploymentPostprocessing = 0;
		};
/* End PBXFrameworksBuildPhase section */

/* Begin PBXGroup section */
		C742975721AE9F6400246982 = {
			isa = PBXGroup;
			children = (
				C742976221AE9F6400246982 /* Smack */,
				C742977521AEAEF100246982 /* Supporting files */,
				C742976121AE9F6400246982 /* Products */,
				EB380E4B52988E18457AEDC6 /* Pods */,
				EB0B62A7548AFBFA96474F73 /* Frameworks */,
			);
			sourceTree = "<group>";
		};
		C742976121AE9F6400246982 /* Products */ = {
			isa = PBXGroup;
			children = (
				C742976021AE9F6400246982 /* Smack.app */,
			);
			name = Products;
			sourceTree = "<group>";
		};
		C742976221AE9F6400246982 /* Smack */ = {
			isa = PBXGroup;
			children = (
				C7C9984821B02ABD0011B64A /* XIB's */,
				C7A618AA21AFFAF80087F908 /* Services */,
				C753C0CB21AEBD61001BB224 /* Utilities */,
				C742977C21AEB18400246982 /* Model */,
				C742977B21AEB18000246982 /* View */,
				C742977A21AEB17A00246982 /* Controller */,
				C742976321AE9F6400246982 /* AppDelegate.swift */,
				C742976721AE9F6400246982 /* Main.storyboard */,
				C742976A21AE9F6500246982 /* Assets.xcassets */,
				C742976C21AE9F6500246982 /* LaunchScreen.storyboard */,
				C742976F21AE9F6500246982 /* Info.plist */,
			);
			path = Smack;
			sourceTree = "<group>";
		};
		C742977521AEAEF100246982 /* Supporting files */ = {
			isa = PBXGroup;
			children = (
				C742977721AEAF1300246982 /* SWRevealViewController.h */,
				C742977821AEAF1300246982 /* SWRevealViewController.m */,
				C742977621AEAF1200246982 /* Smack-Bridging-Header.h */,
			);
			path = "Supporting files";
			sourceTree = "<group>";
		};
		C742977A21AEB17A00246982 /* Controller */ = {
			isa = PBXGroup;
			children = (
				C742977D21AEB19E00246982 /* ChatVC.swift */,
				C742977F21AEB1AF00246982 /* ChannelVC.swift */,
				C753C0CE21AEC069001BB224 /* LoginVC.swift */,
				C753C0D021AEC19B001BB224 /* CreateAccountVC.swift */,
				C7A618B121B012A00087F908 /* AvatarPickerVC.swift */,
				C7C9984421B02AB30011B64A /* ProfileVC.swift */,
				C7C349CB21B13BBB0040E21E /* AddChannelVC.swift */,
			);
			path = Controller;
			sourceTree = "<group>";
		};
		C742977B21AEB18000246982 /* View */ = {
			isa = PBXGroup;
			children = (
				C753C0C921AEB8A9001BB224 /* GradientView.swift */,
				C7A618AD21B002AD0087F908 /* RoundedButton.swift */,
				C7A618B321B013BC0087F908 /* AvatarCell.swift */,
				C7A618B521B01B180087F908 /* CircleImage.swift */,
				C7C349C921B138DE0040E21E /* ChannelCell.swift */,
				C7C349D321B14E430040E21E /* KeyboardBoundView.swift */,
			);
			path = View;
			sourceTree = "<group>";
		};
		C742977C21AEB18400246982 /* Model */ = {
			isa = PBXGroup;
			children = (
				C7C349C721B132BF0040E21E /* Channel.swift */,
				C7C349D121B148C50040E21E /* Message.swift */,
			);
			path = Model;
			sourceTree = "<group>";
		};
		C753C0CB21AEBD61001BB224 /* Utilities */ = {
			isa = PBXGroup;
			children = (
				C753C0CC21AEBD73001BB224 /* Constants.swift */,
			);
			path = Utilities;
			sourceTree = "<group>";
		};
		C7A618AA21AFFAF80087F908 /* Services */ = {
			isa = PBXGroup;
			children = (
				C7A618AB21AFFB100087F908 /* AuthService.swift */,
				C7A618AF21B00B050087F908 /* UserDataService.swift */,
				C7C349C521B132A50040E21E /* MessageService.swift */,
				C7C349CF21B13FE90040E21E /* SocketService.swift */,
			);
			path = Services;
			sourceTree = "<group>";
		};
		C7C9984821B02ABD0011B64A /* XIB's */ = {
			isa = PBXGroup;
			children = (
				C7C9984521B02AB30011B64A /* ProfileVC.xib */,
				C7C349CC21B13BBB0040E21E /* AddChannelVC.xib */,
			);
			path = "XIB's";
			sourceTree = "<group>";
		};
		EB0B62A7548AFBFA96474F73 /* Frameworks */ = {
			isa = PBXGroup;
			children = (
				F5F6A7A98D281065E0134FB6 /* Pods_Smack.framework */,
			);
			name = Frameworks;
			sourceTree = "<group>";
		};
		EB380E4B52988E18457AEDC6 /* Pods */ = {
			isa = PBXGroup;
			children = (
				EB2A7593DCAD3C16F3379BEF /* Pods-Smack.debug.xcconfig */,
				E2E2C25010F152804EAFDF42 /* Pods-Smack.release.xcconfig */,
			);
			name = Pods;
			sourceTree = "<group>";
		};
/* End PBXGroup section */

/* Begin PBXNativeTarget section */
		C742975F21AE9F6400246982 /* Smack */ = {
			isa = PBXNativeTarget;
			buildConfigurationList = C742977221AE9F6500246982 /* Build configuration list for PBXNativeTarget "Smack" */;
			buildPhases = (
				E7CC3416FFAF084241154BFB /* [CP] Check Pods Manifest.lock */,
				C742975C21AE9F6400246982 /* Sources */,
				C742975D21AE9F6400246982 /* Frameworks */,
				C742975E21AE9F6400246982 /* Resources */,
				A3BB6C3510D8B5F2476A7322 /* [CP] Embed Pods Frameworks */,
			);
			buildRules = (
			);
			dependencies = (
			);
			name = Smack;
			productName = Smack;
			productReference = C742976021AE9F6400246982 /* Smack.app */;
			productType = "com.apple.product-type.application";
		};
/* End PBXNativeTarget section */

/* Begin PBXProject section */
		C742975821AE9F6400246982 /* Project object */ = {
			isa = PBXProject;
			attributes = {
				LastSwiftUpdateCheck = 1010;
				LastUpgradeCheck = 1010;
				ORGANIZATIONNAME = None;
				TargetAttributes = {
					C742975F21AE9F6400246982 = {
						CreatedOnToolsVersion = 10.1;
						LastSwiftMigration = 1010;
					};
				};
			};
			buildConfigurationList = C742975B21AE9F6400246982 /* Build configuration list for PBXProject "Smack" */;
			compatibilityVersion = "Xcode 9.3";
			developmentRegion = en;
			hasScannedForEncodings = 0;
			knownRegions = (
				en,
				Base,
			);
			mainGroup = C742975721AE9F6400246982;
			productRefGroup = C742976121AE9F6400246982 /* Products */;
			projectDirPath = "";
			projectRoot = "";
			targets = (
				C742975F21AE9F6400246982 /* Smack */,
			);
		};
/* End PBXProject section */

/* Begin PBXResourcesBuildPhase section */
		C742975E21AE9F6400246982 /* Resources */ = {
			isa = PBXResourcesBuildPhase;
			buildActionMask = 2147483647;
			files = (
				C7C349CE21B13BBB0040E21E /* AddChannelVC.xib in Resources */,
				C7C9984721B02AB30011B64A /* ProfileVC.xib in Resources */,
				C742976E21AE9F6500246982 /* LaunchScreen.storyboard in Resources */,
				C742976B21AE9F6500246982 /* Assets.xcassets in Resources */,
				C742976921AE9F6400246982 /* Main.storyboard in Resources */,
			);
			runOnlyForDeploymentPostprocessing = 0;
		};
/* End PBXResourcesBuildPhase section */

/* Begin PBXShellScriptBuildPhase section */
		A3BB6C3510D8B5F2476A7322 /* [CP] Embed Pods Frameworks */ = {
			isa = PBXShellScriptBuildPhase;
			buildActionMask = 2147483647;
			files = (
			);
			inputPaths = (
				"${SRCROOT}/Pods/Target Support Files/Pods-Smack/Pods-Smack-frameworks.sh",
				"${BUILT_PRODUCTS_DIR}/Alamofire/Alamofire.framework",
				"${BUILT_PRODUCTS_DIR}/Socket.IO-Client-Swift/SocketIO.framework",
				"${BUILT_PRODUCTS_DIR}/Starscream/Starscream.framework",
				"${BUILT_PRODUCTS_DIR}/SwiftyJSON/SwiftyJSON.framework",
			);
			name = "[CP] Embed Pods Frameworks";
			outputPaths = (
				"${TARGET_BUILD_DIR}/${FRAMEWORKS_FOLDER_PATH}/Alamofire.framework",
				"${TARGET_BUILD_DIR}/${FRAMEWORKS_FOLDER_PATH}/SocketIO.framework",
				"${TARGET_BUILD_DIR}/${FRAMEWORKS_FOLDER_PATH}/Starscream.framework",
				"${TARGET_BUILD_DIR}/${FRAMEWORKS_FOLDER_PATH}/SwiftyJSON.framework",
			);
			runOnlyForDeploymentPostprocessing = 0;
			shellPath = /bin/sh;
			shellScript = "\"${SRCROOT}/Pods/Target Support Files/Pods-Smack/Pods-Smack-frameworks.sh\"\n";
			showEnvVarsInLog = 0;
		};
		E7CC3416FFAF084241154BFB /* [CP] Check Pods Manifest.lock */ = {
			isa = PBXShellScriptBuildPhase;
			buildActionMask = 2147483647;
			files = (
			);
			inputPaths = (
				"${PODS_PODFILE_DIR_PATH}/Podfile.lock",
				"${PODS_ROOT}/Manifest.lock",
			);
			name = "[CP] Check Pods Manifest.lock";
			outputPaths = (
				"$(DERIVED_FILE_DIR)/Pods-Smack-checkManifestLockResult.txt",
			);
			runOnlyForDeploymentPostprocessing = 0;
			shellPath = /bin/sh;
			shellScript = "diff \"${PODS_PODFILE_DIR_PATH}/Podfile.lock\" \"${PODS_ROOT}/Manifest.lock\" > /dev/null\nif [ $? != 0 ] ; then\n    # print error to STDERR\n    echo \"error: The sandbox is not in sync with the Podfile.lock. Run 'pod install' or update your CocoaPods installation.\" >&2\n    exit 1\nfi\n# This output is used by Xcode 'outputs' to avoid re-running this script phase.\necho \"SUCCESS\" > \"${SCRIPT_OUTPUT_FILE_0}\"\n";
			showEnvVarsInLog = 0;
		};
/* End PBXShellScriptBuildPhase section */

/* Begin PBXSourcesBuildPhase section */
		C742975C21AE9F6400246982 /* Sources */ = {
			isa = PBXSourcesBuildPhase;
			buildActionMask = 2147483647;
			files = (
				C7C349D421B14E430040E21E /* KeyboardBoundView.swift in Sources */,
				C7C349D021B13FE90040E21E /* SocketService.swift in Sources */,
				C7C9984621B02AB30011B64A /* ProfileVC.swift in Sources */,
				C7C349CA21B138DE0040E21E /* ChannelCell.swift in Sources */,
				C742978021AEB1AF00246982 /* ChannelVC.swift in Sources */,
				C7A618B221B012A00087F908 /* AvatarPickerVC.swift in Sources */,
				C7A618AE21B002AD0087F908 /* RoundedButton.swift in Sources */,
				C7C349D221B148C50040E21E /* Message.swift in Sources */,
				C7C349C821B132BF0040E21E /* Channel.swift in Sources */,
				C7A618B621B01B180087F908 /* CircleImage.swift in Sources */,
				C7C349C621B132A50040E21E /* MessageService.swift in Sources */,
				C742977E21AEB19E00246982 /* ChatVC.swift in Sources */,
				C7A618B021B00B050087F908 /* UserDataService.swift in Sources */,
				C753C0D121AEC19B001BB224 /* CreateAccountVC.swift in Sources */,
				C7A618AC21AFFB100087F908 /* AuthService.swift in Sources */,
				C753C0CF21AEC069001BB224 /* LoginVC.swift in Sources */,
				C7C349CD21B13BBB0040E21E /* AddChannelVC.swift in Sources */,
				C753C0CA21AEB8A9001BB224 /* GradientView.swift in Sources */,
				C7A618B421B013BC0087F908 /* AvatarCell.swift in Sources */,
				C742976421AE9F6400246982 /* AppDelegate.swift in Sources */,
				C742977921AEAF1300246982 /* SWRevealViewController.m in Sources */,
				C753C0CD21AEBD73001BB224 /* Constants.swift in Sources */,
			);
			runOnlyForDeploymentPostprocessing = 0;
		};
/* End PBXSourcesBuildPhase section */

/* Begin PBXVariantGroup section */
		C742976721AE9F6400246982 /* Main.storyboard */ = {
			isa = PBXVariantGroup;
			children = (
				C742976821AE9F6400246982 /* Base */,
			);
			name = Main.storyboard;
			sourceTree = "<group>";
		};
		C742976C21AE9F6500246982 /* LaunchScreen.storyboard */ = {
			isa = PBXVariantGroup;
			children = (
				C742976D21AE9F6500246982 /* Base */,
			);
			name = LaunchScreen.storyboard;
			sourceTree = "<group>";
		};
/* End PBXVariantGroup section */

/* Begin XCBuildConfiguration section */
		C742977021AE9F6500246982 /* Debug */ = {
			isa = XCBuildConfiguration;
			buildSettings = {
				ALWAYS_SEARCH_USER_PATHS = NO;
				CLANG_ANALYZER_NONNULL = YES;
				CLANG_ANALYZER_NUMBER_OBJECT_CONVERSION = YES_AGGRESSIVE;
				CLANG_CXX_LANGUAGE_STANDARD = "gnu++14";
				CLANG_CXX_LIBRARY = "libc++";
				CLANG_ENABLE_MODULES = YES;
				CLANG_ENABLE_OBJC_ARC = YES;
				CLANG_ENABLE_OBJC_WEAK = YES;
				CLANG_WARN_BLOCK_CAPTURE_AUTORELEASING = YES;
				CLANG_WARN_BOOL_CONVERSION = YES;
				CLANG_WARN_COMMA = YES;
				CLANG_WARN_CONSTANT_CONVERSION = YES;
				CLANG_WARN_DEPRECATED_OBJC_IMPLEMENTATIONS = YES;
				CLANG_WARN_DIRECT_OBJC_ISA_USAGE = YES_ERROR;
				CLANG_WARN_DOCUMENTATION_COMMENTS = YES;
				CLANG_WARN_EMPTY_BODY = YES;
				CLANG_WARN_ENUM_CONVERSION = YES;
				CLANG_WARN_INFINITE_RECURSION = YES;
				CLANG_WARN_INT_CONVERSION = YES;
				CLANG_WARN_NON_LITERAL_NULL_CONVERSION = YES;
				CLANG_WARN_OBJC_IMPLICIT_RETAIN_SELF = YES;
				CLANG_WARN_OBJC_LITERAL_CONVERSION = YES;
				CLANG_WARN_OBJC_ROOT_CLASS = YES_ERROR;
				CLANG_WARN_RANGE_LOOP_ANALYSIS = YES;
				CLANG_WARN_STRICT_PROTOTYPES = YES;
				CLANG_WARN_SUSPICIOUS_MOVE = YES;
				CLANG_WARN_UNGUARDED_AVAILABILITY = YES_AGGRESSIVE;
				CLANG_WARN_UNREACHABLE_CODE = YES;
				CLANG_WARN__DUPLICATE_METHOD_MATCH = YES;
				CODE_SIGN_IDENTITY = "iPhone Developer";
				COPY_PHASE_STRIP = NO;
				DEBUG_INFORMATION_FORMAT = dwarf;
				ENABLE_STRICT_OBJC_MSGSEND = YES;
				ENABLE_TESTABILITY = YES;
				GCC_C_LANGUAGE_STANDARD = gnu11;
				GCC_DYNAMIC_NO_PIC = NO;
				GCC_NO_COMMON_BLOCKS = YES;
				GCC_OPTIMIZATION_LEVEL = 0;
				GCC_PREPROCESSOR_DEFINITIONS = (
					"DEBUG=1",
					"$(inherited)",
				);
				GCC_WARN_64_TO_32_BIT_CONVERSION = YES;
				GCC_WARN_ABOUT_RETURN_TYPE = YES_ERROR;
				GCC_WARN_UNDECLARED_SELECTOR = YES;
				GCC_WARN_UNINITIALIZED_AUTOS = YES_AGGRESSIVE;
				GCC_WARN_UNUSED_FUNCTION = YES;
				GCC_WARN_UNUSED_VARIABLE = YES;
				IPHONEOS_DEPLOYMENT_TARGET = 12.1;
				MTL_ENABLE_DEBUG_INFO = INCLUDE_SOURCE;
				MTL_FAST_MATH = YES;
				ONLY_ACTIVE_ARCH = YES;
				SDKROOT = iphoneos;
				SWIFT_ACTIVE_COMPILATION_CONDITIONS = DEBUG;
				SWIFT_OPTIMIZATION_LEVEL = "-Onone";
			};
			name = Debug;
		};
		C742977121AE9F6500246982 /* Release */ = {
			isa = XCBuildConfiguration;
			buildSettings = {
				ALWAYS_SEARCH_USER_PATHS = NO;
				CLANG_ANALYZER_NONNULL = YES;
				CLANG_ANALYZER_NUMBER_OBJECT_CONVERSION = YES_AGGRESSIVE;
				CLANG_CXX_LANGUAGE_STANDARD = "gnu++14";
				CLANG_CXX_LIBRARY = "libc++";
				CLANG_ENABLE_MODULES = YES;
				CLANG_ENABLE_OBJC_ARC = YES;
				CLANG_ENABLE_OBJC_WEAK = YES;
				CLANG_WARN_BLOCK_CAPTURE_AUTORELEASING = YES;
				CLANG_WARN_BOOL_CONVERSION = YES;
				CLANG_WARN_COMMA = YES;
				CLANG_WARN_CONSTANT_CONVERSION = YES;
				CLANG_WARN_DEPRECATED_OBJC_IMPLEMENTATIONS = YES;
				CLANG_WARN_DIRECT_OBJC_ISA_USAGE = YES_ERROR;
				CLANG_WARN_DOCUMENTATION_COMMENTS = YES;
				CLANG_WARN_EMPTY_BODY = YES;
				CLANG_WARN_ENUM_CONVERSION = YES;
				CLANG_WARN_INFINITE_RECURSION = YES;
				CLANG_WARN_INT_CONVERSION = YES;
				CLANG_WARN_NON_LITERAL_NULL_CONVERSION = YES;
				CLANG_WARN_OBJC_IMPLICIT_RETAIN_SELF = YES;
				CLANG_WARN_OBJC_LITERAL_CONVERSION = YES;
				CLANG_WARN_OBJC_ROOT_CLASS = YES_ERROR;
				CLANG_WARN_RANGE_LOOP_ANALYSIS = YES;
				CLANG_WARN_STRICT_PROTOTYPES = YES;
				CLANG_WARN_SUSPICIOUS_MOVE = YES;
				CLANG_WARN_UNGUARDED_AVAILABILITY = YES_AGGRESSIVE;
				CLANG_WARN_UNREACHABLE_CODE = YES;
				CLANG_WARN__DUPLICATE_METHOD_MATCH = YES;
				CODE_SIGN_IDENTITY = "iPhone Developer";
				COPY_PHASE_STRIP = NO;
				DEBUG_INFORMATION_FORMAT = "dwarf-with-dsym";
				ENABLE_NS_ASSERTIONS = NO;
				ENABLE_STRICT_OBJC_MSGSEND = YES;
				GCC_C_LANGUAGE_STANDARD = gnu11;
				GCC_NO_COMMON_BLOCKS = YES;
				GCC_WARN_64_TO_32_BIT_CONVERSION = YES;
				GCC_WARN_ABOUT_RETURN_TYPE = YES_ERROR;
				GCC_WARN_UNDECLARED_SELECTOR = YES;
				GCC_WARN_UNINITIALIZED_AUTOS = YES_AGGRESSIVE;
				GCC_WARN_UNUSED_FUNCTION = YES;
				GCC_WARN_UNUSED_VARIABLE = YES;
				IPHONEOS_DEPLOYMENT_TARGET = 12.1;
				MTL_ENABLE_DEBUG_INFO = NO;
				MTL_FAST_MATH = YES;
				SDKROOT = iphoneos;
				SWIFT_COMPILATION_MODE = wholemodule;
				SWIFT_OPTIMIZATION_LEVEL = "-O";
				VALIDATE_PRODUCT = YES;
			};
			name = Release;
		};
		C742977321AE9F6500246982 /* Debug */ = {
			isa = XCBuildConfiguration;
			baseConfigurationReference = EB2A7593DCAD3C16F3379BEF /* Pods-Smack.debug.xcconfig */;
			buildSettings = {
				ASSETCATALOG_COMPILER_APPICON_NAME = AppIcon;
				CLANG_ENABLE_MODULES = YES;
				CODE_SIGN_STYLE = Automatic;
				DEVELOPMENT_TEAM = Z84747Q29K;
				INFOPLIST_FILE = Smack/Info.plist;
				LD_RUNPATH_SEARCH_PATHS = (
					"$(inherited)",
					"@executable_path/Frameworks",
				);
				PRODUCT_BUNDLE_IDENTIFIER = VP.Smack;
				PRODUCT_NAME = "$(TARGET_NAME)";
				SWIFT_OBJC_BRIDGING_HEADER = "Supporting files/Smack-Bridging-Header.h";
				SWIFT_OPTIMIZATION_LEVEL = "-Onone";
				SWIFT_VERSION = 4.2;
				TARGETED_DEVICE_FAMILY = "1,2";
			};
			name = Debug;
		};
		C742977421AE9F6500246982 /* Release */ = {
			isa = XCBuildConfiguration;
			baseConfigurationReference = E2E2C25010F152804EAFDF42 /* Pods-Smack.release.xcconfig */;
			buildSettings = {
				ASSETCATALOG_COMPILER_APPICON_NAME = AppIcon;
				CLANG_ENABLE_MODULES = YES;
				CODE_SIGN_STYLE = Automatic;
				DEVELOPMENT_TEAM = Z84747Q29K;
				INFOPLIST_FILE = Smack/Info.plist;
				LD_RUNPATH_SEARCH_PATHS = (
					"$(inherited)",
					"@executable_path/Frameworks",
				);
				PRODUCT_BUNDLE_IDENTIFIER = VP.Smack;
				PRODUCT_NAME = "$(TARGET_NAME)";
				SWIFT_OBJC_BRIDGING_HEADER = "Supporting files/Smack-Bridging-Header.h";
				SWIFT_VERSION = 4.2;
				TARGETED_DEVICE_FAMILY = "1,2";
			};
			name = Release;
		};
/* End XCBuildConfiguration section */

/* Begin XCConfigurationList section */
		C742975B21AE9F6400246982 /* Build configuration list for PBXProject "Smack" */ = {
			isa = XCConfigurationList;
			buildConfigurations = (
				C742977021AE9F6500246982 /* Debug */,
				C742977121AE9F6500246982 /* Release */,
			);
			defaultConfigurationIsVisible = 0;
			defaultConfigurationName = Release;
		};
		C742977221AE9F6500246982 /* Build configuration list for PBXNativeTarget "Smack" */ = {
			isa = XCConfigurationList;
			buildConfigurations = (
				C742977321AE9F6500246982 /* Debug */,
				C742977421AE9F6500246982 /* Release */,
			);
			defaultConfigurationIsVisible = 0;
			defaultConfigurationName = Release;
		};
/* End XCConfigurationList section */
	};
	rootObject = C742975821AE9F6400246982 /* Project object */;
}
